{
  "name": "aoc2023",
  "version": "1.0.0",
  "lockfileVersion": 2,
  "requires": true,
  "packages": {
    "": {
      "name": "aoc2023",
      "version": "1.0.0",
      "license": "ISC",
      "devDependencies": {
        "@types/node": "^16.11.6",
        "prettier": "^2.8.0"
      },
      "engines": {
        "node": ">=16.13.0"
      }
    },
    "node_modules/@types/node": {
      "version": "16.18.86",
      "resolved": "https://registry.npmjs.org/@types/node/-/node-16.18.86.tgz",
      "integrity": "sha512-QMvdZf+ZTSiv7gspwhqbfB7Y5DmbYgCsUnakS8Ul9uRbJQehDKaM7SL+GbcDS003Lh7VK4YlelHsRm9HCv26eA==",
      "dev": true
    },
    "node_modules/prettier": {
      "version": "2.8.8",
      "resolved": "https://registry.npmjs.org/prettier/-/prettier-2.8.8.tgz",
      "integrity": "sha512-tdN8qQGvNjw4CHbY+XXk0JgCXn9QiF21a55rBe5LJAU+kDyC4WQn4+awm2Xfk2lQMk5fKup9XgzTZtGkjBdP9Q==",
      "dev": true,
      "bin": {
        "prettier": "bin-prettier.js"
      },
      "engines": {
        "node": ">=10.13.0"
      },
      "funding": {
        "url": "https://github.com/prettier/prettier?sponsor=1"
      }
    }
  },
  "dependencies": {
    "@types/node": {
      "version": "16.18.86",
      "resolved": "https://registry.npmjs.org/@types/node/-/node-16.18.86.tgz",
      "integrity": "sha512-QMvdZf+ZTSiv7gspwhqbfB7Y5DmbYgCsUnakS8Ul9uRbJQehDKaM7SL+GbcDS003Lh7VK4YlelHsRm9HCv26eA==",
      "dev": true
    },
    "prettier": {
      "version": "2.8.8",
      "resolved": "https://registry.npmjs.org/prettier/-/prettier-2.8.8.tgz",
      "integrity": "sha512-tdN8qQGvNjw4CHbY+XXk0JgCXn9QiF21a55rBe5LJAU+kDyC4WQn4+awm2Xfk2lQMk5fKup9XgzTZtGkjBdP9Q==",
      "dev": true
    }
  }
}
